
Microsoft Visual Studio Solution File, Format Version 12.00
# Visual Studio Version 16
VisualStudioVersion = 16.0.29920.165
MinimumVisualStudioVersion = 10.0.40219.1
Project("{FAE04EC0-301F-11D3-BF4B-00C04F79EFBC}") = "7.1.1", "7.1.1\7.1.1.csproj", "{70DD4526-89F8-46E7-A587-3779D8C6D3F2}"
EndProject
Global
	GlobalSection(SolutionConfigurationPlatforms) = preSolution
		Debug|Any CPU = Debug|Any CPU
		Release|Any CPU = Release|Any CPU
	EndGlobalSection
	GlobalSection(ProjectConfigurationPlatforms) = postSolution
		{70DD4526-89F8-46E7-A587-3779D8C6D3F2}.Debug|Any CPU.ActiveCfg = Debug|Any CPU
		{70DD4526-89F8-46E7-A587-3779D8C6D3F2}.Debug|Any CPU.Build.0 = Debug|Any CPU
		{70DD4526-89F8-46E7-A587-3779D8C6D3F2}.Release|Any CPU.ActiveCfg = Release|Any CPU
		{70DD4526-89F8-46E7-A587-3779D8C6D3F2}.Release|Any CPU.Build.0 = Release|Any CPU
	EndGlobalSection
	GlobalSection(SolutionProperties) = preSolution
		HideSolutionNode = FALSE
	EndGlobalSection
	GlobalSection(ExtensibilityGlobals) = postSolution
		SolutionGuid = {545F9C09-8A0A-4831-B1E1-DBCDFE22F3E4}
	EndGlobalSection
EndGlobal
