
Microsoft Visual Studio Solution File, Format Version 12.00
# Visual Studio Version 16
VisualStudioVersion = 16.0.29920.165
MinimumVisualStudioVersion = 10.0.40219.1
Project("{FAE04EC0-301F-11D3-BF4B-00C04F79EFBC}") = "7.1.3", "7.1.3\7.1.3.csproj", "{4EB8CF61-2F50-4FA8-B4FC-9A03D58AEC72}"
EndProject
Global
	GlobalSection(SolutionConfigurationPlatforms) = preSolution
		Debug|Any CPU = Debug|Any CPU
		Release|Any CPU = Release|Any CPU
	EndGlobalSection
	GlobalSection(ProjectConfigurationPlatforms) = postSolution
		{4EB8CF61-2F50-4FA8-B4FC-9A03D58AEC72}.Debug|Any CPU.ActiveCfg = Debug|Any CPU
		{4EB8CF61-2F50-4FA8-B4FC-9A03D58AEC72}.Debug|Any CPU.Build.0 = Debug|Any CPU
		{4EB8CF61-2F50-4FA8-B4FC-9A03D58AEC72}.Release|Any CPU.ActiveCfg = Release|Any CPU
		{4EB8CF61-2F50-4FA8-B4FC-9A03D58AEC72}.Release|Any CPU.Build.0 = Release|Any CPU
	EndGlobalSection
	GlobalSection(SolutionProperties) = preSolution
		HideSolutionNode = FALSE
	EndGlobalSection
	GlobalSection(ExtensibilityGlobals) = postSolution
		SolutionGuid = {3FF97071-5231-4A85-BA16-A70280DCD43B}
	EndGlobalSection
EndGlobal
